# @generated by Move, please check-in and do not edit manually.

[move]
version = 3
manifest_digest = "25A5A0C284BDF948BFF657AF65FE393ED650E89E46A411750DED960E56D0A845"
deps_digest = "F8BBB0CCB2491CA29A3DF03D6F92277A4F3574266507ACD77214D37ECA3F3082"
dependencies = [
  { id = "Sui", name = "Sui" },
]

[[move.package]]
id = "MoveStdlib"
source = { git = "https://github.com/MystenLabs/sui.git", rev = "framework/testnet", subdir = "crates/sui-framework/packages/move-stdlib" }

[[move.package]]
id = "Sui"
source = { git = "https://github.com/MystenLabs/sui.git", rev = "framework/testnet", subdir = "crates/sui-framework/packages/sui-framework" }

dependencies = [
  { id = "MoveStdlib", name = "MoveStdlib" },
]

[move.toolchain-version]
compiler-version = "1.55.0"
edition = "2024"
flavor = "sui"

[env]

[env.testnet]
chain-id = "4c78adac"
original-published-id = "0xf77e98c2a87d82f73955e67114f516d885f2176c7e930488c557b8f1c1d024a1"
latest-published-id = "0xf77e98c2a87d82f73955e67114f516d885f2176c7e930488c557b8f1c1d024a1"
published-version = "1"
